
Microsoft Visual Studio Solution File, Format Version 12.00
# Visual Studio 14
VisualStudioVersion = 14.0.25420.1
MinimumVisualStudioVersion = 10.0.40219.1
Project("{2150E333-8FDC-42A3-9474-1A3956D46DE8}") = "Core", "Core", "{429ED231-9DE0-4B4C-8C35-E1B41C7294BA}"
EndProject
Project("{FAE04EC0-301F-11D3-BF4B-00C04F79EFBC}") = "CrossApplication.Core.Contracts", "Core\CrossApplication.Core.Contracts\CrossApplication.Core.Contracts.csproj", "{D4B1B8A8-8078-4AFA-A702-E71449AFB433}"
EndProject
Project("{FAE04EC0-301F-11D3-BF4B-00C04F79EFBC}") = "CrossApplication.Core.Resources", "Core\CrossApplication.Core.Resources\CrossApplication.Core.Resources.csproj", "{084E738C-B285-4EA7-A01F-53E80491774B}"
EndProject
Project("{FAE04EC0-301F-11D3-BF4B-00C04F79EFBC}") = "CrossApplication.Core.Application", "Core\CrossApplication.Core.Application\CrossApplication.Core.Application.csproj", "{B89655FB-6F0A-4A5D-8BF0-D0EA43B90911}"
EndProject
Project("{FAE04EC0-301F-11D3-BF4B-00C04F79EFBC}") = "CrossApplication.Core.Services", "Core\CrossApplication.Core.Services\CrossApplication.Core.Services.csproj", "{FC2A50DE-2564-4127-BAC4-9EA5931E9297}"
EndProject
Project("{FAE04EC0-301F-11D3-BF4B-00C04F79EFBC}") = "CrossApplication.Core.Common", "Core\CrossApplication.Core.Common\CrossApplication.Core.Common.csproj", "{6E5DA9CB-61E3-4582-9CCB-AA6D70FBFABF}"
EndProject
Project("{2150E333-8FDC-42A3-9474-1A3956D46DE8}") = "Wpf", "Wpf", "{E02382C8-899A-4828-9C04-734DBB06382F}"
EndProject
Project("{FAE04EC0-301F-11D3-BF4B-00C04F79EFBC}") = "CrossApplication.Wpf.Common", "Wpf\CrossApplication.Wpf.Common\CrossApplication.Wpf.Common.csproj", "{5C6B8785-7E1E-4A4A-ACCD-DB14A6D68CC1}"
EndProject
Project("{FAE04EC0-301F-11D3-BF4B-00C04F79EFBC}") = "CrossApplication.Wpf.Common.UnitTest", "Wpf\CrossApplication.Wpf.Common.UnitTest\CrossApplication.Wpf.Common.UnitTest.csproj", "{D49EE332-8C7D-45F9-8368-8A0C651868AB}"
EndProject
Project("{FAE04EC0-301F-11D3-BF4B-00C04F79EFBC}") = "CrossApplication.Wpf.Contracts", "Wpf\CrossApplication.Wpf.Contracts\CrossApplication.Wpf.Contracts.csproj", "{25B722B3-FB2D-499C-BD67-2EC24D8C72F7}"
EndProject
Project("{FAE04EC0-301F-11D3-BF4B-00C04F79EFBC}") = "CrossApplication.Wpf.Application", "Wpf\CrossApplication.Wpf.Application\CrossApplication.Wpf.Application.csproj", "{E2290F54-107F-4D13-9604-FDDFF983596D}"
EndProject
Project("{FAE04EC0-301F-11D3-BF4B-00C04F79EFBC}") = "CrossApplication.Wpf.Application.UnitTest", "Wpf\CrossApplication.Wpf.Application.UnitTest\CrossApplication.Wpf.Application.UnitTest.csproj", "{DC532EBF-71B3-4576-B3AD-04F03E295DB0}"
EndProject
Project("{2150E333-8FDC-42A3-9474-1A3956D46DE8}") = "Mail", "Mail", "{A0F0B07A-D8CB-4A76-BAFC-98F5F7E8B129}"
EndProject
Project("{2150E333-8FDC-42A3-9474-1A3956D46DE8}") = "Wpf", "Wpf", "{9F56759A-B00A-4A15-9CAD-FBA3E5FEDBD8}"
EndProject
Project("{FAE04EC0-301F-11D3-BF4B-00C04F79EFBC}") = "CrossApplication.Mail.Wpf", "Mail\Wpf\CrossApplication.Mail.Wpf\CrossApplication.Mail.Wpf.csproj", "{B59ADDA4-E2FE-4698-A048-87BCD4F95151}"
EndProject
Project("{FAE04EC0-301F-11D3-BF4B-00C04F79EFBC}") = "CrossApplication.Mail.Wpf.UnitTest", "Mail\Wpf\CrossApplication.Mail.Wpf.UnitTest\CrossApplication.Mail.Wpf.UnitTest.csproj", "{0463D61F-CA70-40EE-8FC0-891F0BA1D9C1}"
EndProject
Project("{FAE04EC0-301F-11D3-BF4B-00C04F79EFBC}") = "CrossApplication.Mail.Core", "Mail\CrossApplication.Mail.Core\CrossApplication.Mail.Core.csproj", "{AB8263CB-B58C-4F7B-9E68-EBE89EDFF341}"
EndProject
Project("{FAE04EC0-301F-11D3-BF4B-00C04F79EFBC}") = "CrossApplication.Core.Application.UnitTest", "Core\CrossApplication.Core.Application.UnitTest\CrossApplication.Core.Application.UnitTest.csproj", "{938B80D9-2053-4B36-A126-1F4A471EE790}"
EndProject
Project("{FAE04EC0-301F-11D3-BF4B-00C04F79EFBC}") = "CrossApplication.Core.Net.Application", "Core\Net\CrossApplication.Core.Net.Application\CrossApplication.Core.Net.Application.csproj", "{A987FDAA-C4BC-4854-A70C-BF803C0100A0}"
EndProject
Project("{2150E333-8FDC-42A3-9474-1A3956D46DE8}") = "Net", "Net", "{42869309-07FB-43FE-81BD-3C52AA6C9A58}"
EndProject
Project("{FAE04EC0-301F-11D3-BF4B-00C04F79EFBC}") = "CrossApplication.Core.Net.Application.UnitTest", "Core\Net\CrossApplication.Core.Net.Application.UnitTest\CrossApplication.Core.Net.Application.UnitTest.csproj", "{5D2FF9E6-0258-4B90-98F4-BC0C8CAF6942}"
EndProject
Project("{FAE04EC0-301F-11D3-BF4B-00C04F79EFBC}") = "CrossApplication.Core.Net.Contracts", "Core\Net\CrossApplication.Core.Net.Contracts\CrossApplication.Core.Net.Contracts.csproj", "{ADD00E03-B090-4AF7-A9F0-5B20DF299A9E}"
EndProject
Project("{FAE04EC0-301F-11D3-BF4B-00C04F79EFBC}") = "CrossApplication.Mail.Core.Net", "Mail\Net\CrossApplication.Mail.Core.Net\CrossApplication.Mail.Core.Net.csproj", "{94F23661-D101-4258-BA92-0E26EEF2AAC9}"
EndProject
Project("{2150E333-8FDC-42A3-9474-1A3956D46DE8}") = "Net", "Net", "{3C44BF94-BDD3-460F-A470-10624FD33AB7}"
EndProject
Project("{FAE04EC0-301F-11D3-BF4B-00C04F79EFBC}") = "CrossApplication.Core.Net.Common", "Core\Net\CrossApplication.Core.Net.Common\CrossApplication.Core.Net.Common.csproj", "{116CCE98-7773-45D6-BFC6-22F506B8E3E3}"
EndProject
Project("{FAE04EC0-301F-11D3-BF4B-00C04F79EFBC}") = "CrossApplication.Core.Net.Common.UnitTest", "Core\Net\CrossApplication.Core.Net.Common.UnitTest\CrossApplication.Core.Net.Common.UnitTest.csproj", "{89212447-A75D-4EED-8282-51C0E6B50E09}"
EndProject
Project("{FAE04EC0-301F-11D3-BF4B-00C04F79EFBC}") = "CrossApplication.Wpf.Themes", "Wpf\CrossApplication.Wpf.Themes\CrossApplication.Wpf.Themes.csproj", "{50CAF89A-FE45-4F39-A093-7119FAA45E0A}"
EndProject
Project("{FAE04EC0-301F-11D3-BF4B-00C04F79EFBC}") = "CrossApplication.Core.Themes", "Core\CrossApplication.Core.Themes\CrossApplication.Core.Themes.csproj", "{5EB5D7AB-7D46-47CB-9978-54D70EC768C3}"
EndProject
Project("{FAE04EC0-301F-11D3-BF4B-00C04F79EFBC}") = "CrossApplication.Core.Net.Themes", "Core\Net\CrossApplication.Core.Net.Themes\CrossApplication.Core.Net.Themes.csproj", "{9EC03910-7516-4CFD-B69D-B634DE7702FF}"
EndProject
Global
	GlobalSection(SolutionConfigurationPlatforms) = preSolution
		Debug|Any CPU = Debug|Any CPU
		Release|Any CPU = Release|Any CPU
	EndGlobalSection
	GlobalSection(ProjectConfigurationPlatforms) = postSolution
		{D4B1B8A8-8078-4AFA-A702-E71449AFB433}.Debug|Any CPU.ActiveCfg = Debug|Any CPU
		{D4B1B8A8-8078-4AFA-A702-E71449AFB433}.Debug|Any CPU.Build.0 = Debug|Any CPU
		{D4B1B8A8-8078-4AFA-A702-E71449AFB433}.Release|Any CPU.ActiveCfg = Release|Any CPU
		{D4B1B8A8-8078-4AFA-A702-E71449AFB433}.Release|Any CPU.Build.0 = Release|Any CPU
		{084E738C-B285-4EA7-A01F-53E80491774B}.Debug|Any CPU.ActiveCfg = Debug|Any CPU
		{084E738C-B285-4EA7-A01F-53E80491774B}.Debug|Any CPU.Build.0 = Debug|Any CPU
		{084E738C-B285-4EA7-A01F-53E80491774B}.Release|Any CPU.ActiveCfg = Release|Any CPU
		{084E738C-B285-4EA7-A01F-53E80491774B}.Release|Any CPU.Build.0 = Release|Any CPU
		{B89655FB-6F0A-4A5D-8BF0-D0EA43B90911}.Debug|Any CPU.ActiveCfg = Debug|Any CPU
		{B89655FB-6F0A-4A5D-8BF0-D0EA43B90911}.Debug|Any CPU.Build.0 = Debug|Any CPU
		{B89655FB-6F0A-4A5D-8BF0-D0EA43B90911}.Release|Any CPU.ActiveCfg = Release|Any CPU
		{B89655FB-6F0A-4A5D-8BF0-D0EA43B90911}.Release|Any CPU.Build.0 = Release|Any CPU
		{FC2A50DE-2564-4127-BAC4-9EA5931E9297}.Debug|Any CPU.ActiveCfg = Debug|Any CPU
		{FC2A50DE-2564-4127-BAC4-9EA5931E9297}.Debug|Any CPU.Build.0 = Debug|Any CPU
		{FC2A50DE-2564-4127-BAC4-9EA5931E9297}.Release|Any CPU.ActiveCfg = Release|Any CPU
		{FC2A50DE-2564-4127-BAC4-9EA5931E9297}.Release|Any CPU.Build.0 = Release|Any CPU
		{6E5DA9CB-61E3-4582-9CCB-AA6D70FBFABF}.Debug|Any CPU.ActiveCfg = Debug|Any CPU
		{6E5DA9CB-61E3-4582-9CCB-AA6D70FBFABF}.Debug|Any CPU.Build.0 = Debug|Any CPU
		{6E5DA9CB-61E3-4582-9CCB-AA6D70FBFABF}.Release|Any CPU.ActiveCfg = Release|Any CPU
		{6E5DA9CB-61E3-4582-9CCB-AA6D70FBFABF}.Release|Any CPU.Build.0 = Release|Any CPU
		{5C6B8785-7E1E-4A4A-ACCD-DB14A6D68CC1}.Debug|Any CPU.ActiveCfg = Debug|Any CPU
		{5C6B8785-7E1E-4A4A-ACCD-DB14A6D68CC1}.Debug|Any CPU.Build.0 = Debug|Any CPU
		{5C6B8785-7E1E-4A4A-ACCD-DB14A6D68CC1}.Release|Any CPU.ActiveCfg = Release|Any CPU
		{5C6B8785-7E1E-4A4A-ACCD-DB14A6D68CC1}.Release|Any CPU.Build.0 = Release|Any CPU
		{D49EE332-8C7D-45F9-8368-8A0C651868AB}.Debug|Any CPU.ActiveCfg = Debug|Any CPU
		{D49EE332-8C7D-45F9-8368-8A0C651868AB}.Debug|Any CPU.Build.0 = Debug|Any CPU
		{D49EE332-8C7D-45F9-8368-8A0C651868AB}.Release|Any CPU.ActiveCfg = Release|Any CPU
		{D49EE332-8C7D-45F9-8368-8A0C651868AB}.Release|Any CPU.Build.0 = Release|Any CPU
		{25B722B3-FB2D-499C-BD67-2EC24D8C72F7}.Debug|Any CPU.ActiveCfg = Debug|Any CPU
		{25B722B3-FB2D-499C-BD67-2EC24D8C72F7}.Debug|Any CPU.Build.0 = Debug|Any CPU
		{25B722B3-FB2D-499C-BD67-2EC24D8C72F7}.Release|Any CPU.ActiveCfg = Release|Any CPU
		{25B722B3-FB2D-499C-BD67-2EC24D8C72F7}.Release|Any CPU.Build.0 = Release|Any CPU
		{E2290F54-107F-4D13-9604-FDDFF983596D}.Debug|Any CPU.ActiveCfg = Debug|Any CPU
		{E2290F54-107F-4D13-9604-FDDFF983596D}.Debug|Any CPU.Build.0 = Debug|Any CPU
		{E2290F54-107F-4D13-9604-FDDFF983596D}.Release|Any CPU.ActiveCfg = Release|Any CPU
		{E2290F54-107F-4D13-9604-FDDFF983596D}.Release|Any CPU.Build.0 = Release|Any CPU
		{DC532EBF-71B3-4576-B3AD-04F03E295DB0}.Debug|Any CPU.ActiveCfg = Debug|Any CPU
		{DC532EBF-71B3-4576-B3AD-04F03E295DB0}.Debug|Any CPU.Build.0 = Debug|Any CPU
		{DC532EBF-71B3-4576-B3AD-04F03E295DB0}.Release|Any CPU.ActiveCfg = Release|Any CPU
		{DC532EBF-71B3-4576-B3AD-04F03E295DB0}.Release|Any CPU.Build.0 = Release|Any CPU
		{B59ADDA4-E2FE-4698-A048-87BCD4F95151}.Debug|Any CPU.ActiveCfg = Debug|Any CPU
		{B59ADDA4-E2FE-4698-A048-87BCD4F95151}.Debug|Any CPU.Build.0 = Debug|Any CPU
		{B59ADDA4-E2FE-4698-A048-87BCD4F95151}.Release|Any CPU.ActiveCfg = Release|Any CPU
		{B59ADDA4-E2FE-4698-A048-87BCD4F95151}.Release|Any CPU.Build.0 = Release|Any CPU
		{0463D61F-CA70-40EE-8FC0-891F0BA1D9C1}.Debug|Any CPU.ActiveCfg = Debug|Any CPU
		{0463D61F-CA70-40EE-8FC0-891F0BA1D9C1}.Debug|Any CPU.Build.0 = Debug|Any CPU
		{0463D61F-CA70-40EE-8FC0-891F0BA1D9C1}.Release|Any CPU.ActiveCfg = Release|Any CPU
		{0463D61F-CA70-40EE-8FC0-891F0BA1D9C1}.Release|Any CPU.Build.0 = Release|Any CPU
		{AB8263CB-B58C-4F7B-9E68-EBE89EDFF341}.Debug|Any CPU.ActiveCfg = Debug|Any CPU
		{AB8263CB-B58C-4F7B-9E68-EBE89EDFF341}.Debug|Any CPU.Build.0 = Debug|Any CPU
		{AB8263CB-B58C-4F7B-9E68-EBE89EDFF341}.Release|Any CPU.ActiveCfg = Release|Any CPU
		{AB8263CB-B58C-4F7B-9E68-EBE89EDFF341}.Release|Any CPU.Build.0 = Release|Any CPU
		{938B80D9-2053-4B36-A126-1F4A471EE790}.Debug|Any CPU.ActiveCfg = Debug|Any CPU
		{938B80D9-2053-4B36-A126-1F4A471EE790}.Debug|Any CPU.Build.0 = Debug|Any CPU
		{938B80D9-2053-4B36-A126-1F4A471EE790}.Release|Any CPU.ActiveCfg = Release|Any CPU
		{938B80D9-2053-4B36-A126-1F4A471EE790}.Release|Any CPU.Build.0 = Release|Any CPU
		{A987FDAA-C4BC-4854-A70C-BF803C0100A0}.Debug|Any CPU.ActiveCfg = Debug|Any CPU
		{A987FDAA-C4BC-4854-A70C-BF803C0100A0}.Debug|Any CPU.Build.0 = Debug|Any CPU
		{A987FDAA-C4BC-4854-A70C-BF803C0100A0}.Release|Any CPU.ActiveCfg = Release|Any CPU
		{A987FDAA-C4BC-4854-A70C-BF803C0100A0}.Release|Any CPU.Build.0 = Release|Any CPU
		{5D2FF9E6-0258-4B90-98F4-BC0C8CAF6942}.Debug|Any CPU.ActiveCfg = Debug|Any CPU
		{5D2FF9E6-0258-4B90-98F4-BC0C8CAF6942}.Debug|Any CPU.Build.0 = Debug|Any CPU
		{5D2FF9E6-0258-4B90-98F4-BC0C8CAF6942}.Release|Any CPU.ActiveCfg = Release|Any CPU
		{5D2FF9E6-0258-4B90-98F4-BC0C8CAF6942}.Release|Any CPU.Build.0 = Release|Any CPU
		{ADD00E03-B090-4AF7-A9F0-5B20DF299A9E}.Debug|Any CPU.ActiveCfg = Debug|Any CPU
		{ADD00E03-B090-4AF7-A9F0-5B20DF299A9E}.Debug|Any CPU.Build.0 = Debug|Any CPU
		{ADD00E03-B090-4AF7-A9F0-5B20DF299A9E}.Release|Any CPU.ActiveCfg = Release|Any CPU
		{ADD00E03-B090-4AF7-A9F0-5B20DF299A9E}.Release|Any CPU.Build.0 = Release|Any CPU
		{94F23661-D101-4258-BA92-0E26EEF2AAC9}.Debug|Any CPU.ActiveCfg = Debug|Any CPU
		{94F23661-D101-4258-BA92-0E26EEF2AAC9}.Debug|Any CPU.Build.0 = Debug|Any CPU
		{94F23661-D101-4258-BA92-0E26EEF2AAC9}.Release|Any CPU.ActiveCfg = Release|Any CPU
		{94F23661-D101-4258-BA92-0E26EEF2AAC9}.Release|Any CPU.Build.0 = Release|Any CPU
		{116CCE98-7773-45D6-BFC6-22F506B8E3E3}.Debug|Any CPU.ActiveCfg = Debug|Any CPU
		{116CCE98-7773-45D6-BFC6-22F506B8E3E3}.Debug|Any CPU.Build.0 = Debug|Any CPU
		{116CCE98-7773-45D6-BFC6-22F506B8E3E3}.Release|Any CPU.ActiveCfg = Release|Any CPU
		{116CCE98-7773-45D6-BFC6-22F506B8E3E3}.Release|Any CPU.Build.0 = Release|Any CPU
		{89212447-A75D-4EED-8282-51C0E6B50E09}.Debug|Any CPU.ActiveCfg = Debug|Any CPU
		{89212447-A75D-4EED-8282-51C0E6B50E09}.Debug|Any CPU.Build.0 = Debug|Any CPU
		{89212447-A75D-4EED-8282-51C0E6B50E09}.Release|Any CPU.ActiveCfg = Release|Any CPU
		{89212447-A75D-4EED-8282-51C0E6B50E09}.Release|Any CPU.Build.0 = Release|Any CPU
		{50CAF89A-FE45-4F39-A093-7119FAA45E0A}.Debug|Any CPU.ActiveCfg = Debug|Any CPU
		{50CAF89A-FE45-4F39-A093-7119FAA45E0A}.Debug|Any CPU.Build.0 = Debug|Any CPU
		{50CAF89A-FE45-4F39-A093-7119FAA45E0A}.Release|Any CPU.ActiveCfg = Release|Any CPU
		{50CAF89A-FE45-4F39-A093-7119FAA45E0A}.Release|Any CPU.Build.0 = Release|Any CPU
		{5EB5D7AB-7D46-47CB-9978-54D70EC768C3}.Debug|Any CPU.ActiveCfg = Debug|Any CPU
		{5EB5D7AB-7D46-47CB-9978-54D70EC768C3}.Debug|Any CPU.Build.0 = Debug|Any CPU
		{5EB5D7AB-7D46-47CB-9978-54D70EC768C3}.Release|Any CPU.ActiveCfg = Release|Any CPU
		{5EB5D7AB-7D46-47CB-9978-54D70EC768C3}.Release|Any CPU.Build.0 = Release|Any CPU
		{9EC03910-7516-4CFD-B69D-B634DE7702FF}.Debug|Any CPU.ActiveCfg = Debug|Any CPU
		{9EC03910-7516-4CFD-B69D-B634DE7702FF}.Debug|Any CPU.Build.0 = Debug|Any CPU
		{9EC03910-7516-4CFD-B69D-B634DE7702FF}.Release|Any CPU.ActiveCfg = Release|Any CPU
		{9EC03910-7516-4CFD-B69D-B634DE7702FF}.Release|Any CPU.Build.0 = Release|Any CPU
	EndGlobalSection
	GlobalSection(SolutionProperties) = preSolution
		HideSolutionNode = FALSE
	EndGlobalSection
	GlobalSection(NestedProjects) = preSolution
		{D4B1B8A8-8078-4AFA-A702-E71449AFB433} = {429ED231-9DE0-4B4C-8C35-E1B41C7294BA}
		{084E738C-B285-4EA7-A01F-53E80491774B} = {429ED231-9DE0-4B4C-8C35-E1B41C7294BA}
		{B89655FB-6F0A-4A5D-8BF0-D0EA43B90911} = {429ED231-9DE0-4B4C-8C35-E1B41C7294BA}
		{FC2A50DE-2564-4127-BAC4-9EA5931E9297} = {429ED231-9DE0-4B4C-8C35-E1B41C7294BA}
		{6E5DA9CB-61E3-4582-9CCB-AA6D70FBFABF} = {429ED231-9DE0-4B4C-8C35-E1B41C7294BA}
		{5C6B8785-7E1E-4A4A-ACCD-DB14A6D68CC1} = {E02382C8-899A-4828-9C04-734DBB06382F}
		{D49EE332-8C7D-45F9-8368-8A0C651868AB} = {E02382C8-899A-4828-9C04-734DBB06382F}
		{25B722B3-FB2D-499C-BD67-2EC24D8C72F7} = {E02382C8-899A-4828-9C04-734DBB06382F}
		{E2290F54-107F-4D13-9604-FDDFF983596D} = {E02382C8-899A-4828-9C04-734DBB06382F}
		{DC532EBF-71B3-4576-B3AD-04F03E295DB0} = {E02382C8-899A-4828-9C04-734DBB06382F}
		{9F56759A-B00A-4A15-9CAD-FBA3E5FEDBD8} = {A0F0B07A-D8CB-4A76-BAFC-98F5F7E8B129}
		{B59ADDA4-E2FE-4698-A048-87BCD4F95151} = {9F56759A-B00A-4A15-9CAD-FBA3E5FEDBD8}
		{0463D61F-CA70-40EE-8FC0-891F0BA1D9C1} = {9F56759A-B00A-4A15-9CAD-FBA3E5FEDBD8}
		{AB8263CB-B58C-4F7B-9E68-EBE89EDFF341} = {A0F0B07A-D8CB-4A76-BAFC-98F5F7E8B129}
		{938B80D9-2053-4B36-A126-1F4A471EE790} = {429ED231-9DE0-4B4C-8C35-E1B41C7294BA}
		{A987FDAA-C4BC-4854-A70C-BF803C0100A0} = {42869309-07FB-43FE-81BD-3C52AA6C9A58}
		{42869309-07FB-43FE-81BD-3C52AA6C9A58} = {429ED231-9DE0-4B4C-8C35-E1B41C7294BA}
		{5D2FF9E6-0258-4B90-98F4-BC0C8CAF6942} = {42869309-07FB-43FE-81BD-3C52AA6C9A58}
		{ADD00E03-B090-4AF7-A9F0-5B20DF299A9E} = {42869309-07FB-43FE-81BD-3C52AA6C9A58}
		{94F23661-D101-4258-BA92-0E26EEF2AAC9} = {3C44BF94-BDD3-460F-A470-10624FD33AB7}
		{3C44BF94-BDD3-460F-A470-10624FD33AB7} = {A0F0B07A-D8CB-4A76-BAFC-98F5F7E8B129}
		{116CCE98-7773-45D6-BFC6-22F506B8E3E3} = {42869309-07FB-43FE-81BD-3C52AA6C9A58}
		{89212447-A75D-4EED-8282-51C0E6B50E09} = {42869309-07FB-43FE-81BD-3C52AA6C9A58}
		{50CAF89A-FE45-4F39-A093-7119FAA45E0A} = {E02382C8-899A-4828-9C04-734DBB06382F}
		{5EB5D7AB-7D46-47CB-9978-54D70EC768C3} = {429ED231-9DE0-4B4C-8C35-E1B41C7294BA}
		{9EC03910-7516-4CFD-B69D-B634DE7702FF} = {42869309-07FB-43FE-81BD-3C52AA6C9A58}
	EndGlobalSection
EndGlobal
