
Microsoft Visual Studio Solution File, Format Version 12.00
# Visual Studio 2013
VisualStudioVersion = 12.0.31101.0
MinimumVisualStudioVersion = 10.0.40219.1
Project("{FAE04EC0-301F-11D3-BF4B-00C04F79EFBC}") = "CrossMailing.Wpf.Application", "Wpf\CrossMailing.Wpf.Application\CrossMailing.Wpf.Application.csproj", "{E2290F54-107F-4D13-9604-FDDFF983596D}"
EndProject
Project("{FAE04EC0-301F-11D3-BF4B-00C04F79EFBC}") = "CrossMailing.Apps.Phone.Application", "Apps\CrossMailing.Apps.Phone.Application\CrossMailing.Apps.Phone.Application.csproj", "{47168768-AC4C-4462-A08C-47599B1E88BF}"
EndProject
Project("{FAE04EC0-301F-11D3-BF4B-00C04F79EFBC}") = "CrossMailing.Apps.Windows.Application", "Apps\CrossMailing.Apps.Windows.Application\CrossMailing.Apps.Windows.Application.csproj", "{2C9B25CB-A1C0-4E1A-9D5C-FB9FE7F9648F}"
EndProject
Global
	GlobalSection(SolutionConfigurationPlatforms) = preSolution
		Debug|Any CPU = Debug|Any CPU
		Debug|ARM = Debug|ARM
		Debug|x64 = Debug|x64
		Debug|x86 = Debug|x86
		Release|Any CPU = Release|Any CPU
		Release|ARM = Release|ARM
		Release|x64 = Release|x64
		Release|x86 = Release|x86
	EndGlobalSection
	GlobalSection(ProjectConfigurationPlatforms) = postSolution
		{E2290F54-107F-4D13-9604-FDDFF983596D}.Debug|Any CPU.ActiveCfg = Debug|Any CPU
		{E2290F54-107F-4D13-9604-FDDFF983596D}.Debug|Any CPU.Build.0 = Debug|Any CPU
		{E2290F54-107F-4D13-9604-FDDFF983596D}.Debug|ARM.ActiveCfg = Debug|Any CPU
		{E2290F54-107F-4D13-9604-FDDFF983596D}.Debug|x64.ActiveCfg = Debug|Any CPU
		{E2290F54-107F-4D13-9604-FDDFF983596D}.Debug|x86.ActiveCfg = Debug|Any CPU
		{E2290F54-107F-4D13-9604-FDDFF983596D}.Release|Any CPU.ActiveCfg = Release|Any CPU
		{E2290F54-107F-4D13-9604-FDDFF983596D}.Release|Any CPU.Build.0 = Release|Any CPU
		{E2290F54-107F-4D13-9604-FDDFF983596D}.Release|ARM.ActiveCfg = Release|Any CPU
		{E2290F54-107F-4D13-9604-FDDFF983596D}.Release|x64.ActiveCfg = Release|Any CPU
		{E2290F54-107F-4D13-9604-FDDFF983596D}.Release|x86.ActiveCfg = Release|Any CPU
		{47168768-AC4C-4462-A08C-47599B1E88BF}.Debug|Any CPU.ActiveCfg = Debug|Any CPU
		{47168768-AC4C-4462-A08C-47599B1E88BF}.Debug|Any CPU.Build.0 = Debug|Any CPU
		{47168768-AC4C-4462-A08C-47599B1E88BF}.Debug|Any CPU.Deploy.0 = Debug|Any CPU
		{47168768-AC4C-4462-A08C-47599B1E88BF}.Debug|ARM.ActiveCfg = Debug|ARM
		{47168768-AC4C-4462-A08C-47599B1E88BF}.Debug|ARM.Build.0 = Debug|ARM
		{47168768-AC4C-4462-A08C-47599B1E88BF}.Debug|ARM.Deploy.0 = Debug|ARM
		{47168768-AC4C-4462-A08C-47599B1E88BF}.Debug|x64.ActiveCfg = Debug|Any CPU
		{47168768-AC4C-4462-A08C-47599B1E88BF}.Debug|x86.ActiveCfg = Debug|x86
		{47168768-AC4C-4462-A08C-47599B1E88BF}.Debug|x86.Build.0 = Debug|x86
		{47168768-AC4C-4462-A08C-47599B1E88BF}.Debug|x86.Deploy.0 = Debug|x86
		{47168768-AC4C-4462-A08C-47599B1E88BF}.Release|Any CPU.ActiveCfg = Release|Any CPU
		{47168768-AC4C-4462-A08C-47599B1E88BF}.Release|Any CPU.Build.0 = Release|Any CPU
		{47168768-AC4C-4462-A08C-47599B1E88BF}.Release|Any CPU.Deploy.0 = Release|Any CPU
		{47168768-AC4C-4462-A08C-47599B1E88BF}.Release|ARM.ActiveCfg = Release|ARM
		{47168768-AC4C-4462-A08C-47599B1E88BF}.Release|ARM.Build.0 = Release|ARM
		{47168768-AC4C-4462-A08C-47599B1E88BF}.Release|ARM.Deploy.0 = Release|ARM
		{47168768-AC4C-4462-A08C-47599B1E88BF}.Release|x64.ActiveCfg = Release|Any CPU
		{47168768-AC4C-4462-A08C-47599B1E88BF}.Release|x86.ActiveCfg = Release|x86
		{47168768-AC4C-4462-A08C-47599B1E88BF}.Release|x86.Build.0 = Release|x86
		{47168768-AC4C-4462-A08C-47599B1E88BF}.Release|x86.Deploy.0 = Release|x86
		{2C9B25CB-A1C0-4E1A-9D5C-FB9FE7F9648F}.Debug|Any CPU.ActiveCfg = Debug|Any CPU
		{2C9B25CB-A1C0-4E1A-9D5C-FB9FE7F9648F}.Debug|Any CPU.Build.0 = Debug|Any CPU
		{2C9B25CB-A1C0-4E1A-9D5C-FB9FE7F9648F}.Debug|Any CPU.Deploy.0 = Debug|Any CPU
		{2C9B25CB-A1C0-4E1A-9D5C-FB9FE7F9648F}.Debug|ARM.ActiveCfg = Debug|ARM
		{2C9B25CB-A1C0-4E1A-9D5C-FB9FE7F9648F}.Debug|ARM.Build.0 = Debug|ARM
		{2C9B25CB-A1C0-4E1A-9D5C-FB9FE7F9648F}.Debug|ARM.Deploy.0 = Debug|ARM
		{2C9B25CB-A1C0-4E1A-9D5C-FB9FE7F9648F}.Debug|x64.ActiveCfg = Debug|x64
		{2C9B25CB-A1C0-4E1A-9D5C-FB9FE7F9648F}.Debug|x64.Build.0 = Debug|x64
		{2C9B25CB-A1C0-4E1A-9D5C-FB9FE7F9648F}.Debug|x64.Deploy.0 = Debug|x64
		{2C9B25CB-A1C0-4E1A-9D5C-FB9FE7F9648F}.Debug|x86.ActiveCfg = Debug|x86
		{2C9B25CB-A1C0-4E1A-9D5C-FB9FE7F9648F}.Debug|x86.Build.0 = Debug|x86
		{2C9B25CB-A1C0-4E1A-9D5C-FB9FE7F9648F}.Debug|x86.Deploy.0 = Debug|x86
		{2C9B25CB-A1C0-4E1A-9D5C-FB9FE7F9648F}.Release|Any CPU.ActiveCfg = Release|Any CPU
		{2C9B25CB-A1C0-4E1A-9D5C-FB9FE7F9648F}.Release|Any CPU.Build.0 = Release|Any CPU
		{2C9B25CB-A1C0-4E1A-9D5C-FB9FE7F9648F}.Release|Any CPU.Deploy.0 = Release|Any CPU
		{2C9B25CB-A1C0-4E1A-9D5C-FB9FE7F9648F}.Release|ARM.ActiveCfg = Release|ARM
		{2C9B25CB-A1C0-4E1A-9D5C-FB9FE7F9648F}.Release|ARM.Build.0 = Release|ARM
		{2C9B25CB-A1C0-4E1A-9D5C-FB9FE7F9648F}.Release|ARM.Deploy.0 = Release|ARM
		{2C9B25CB-A1C0-4E1A-9D5C-FB9FE7F9648F}.Release|x64.ActiveCfg = Release|x64
		{2C9B25CB-A1C0-4E1A-9D5C-FB9FE7F9648F}.Release|x64.Build.0 = Release|x64
		{2C9B25CB-A1C0-4E1A-9D5C-FB9FE7F9648F}.Release|x64.Deploy.0 = Release|x64
		{2C9B25CB-A1C0-4E1A-9D5C-FB9FE7F9648F}.Release|x86.ActiveCfg = Release|x86
		{2C9B25CB-A1C0-4E1A-9D5C-FB9FE7F9648F}.Release|x86.Build.0 = Release|x86
		{2C9B25CB-A1C0-4E1A-9D5C-FB9FE7F9648F}.Release|x86.Deploy.0 = Release|x86
	EndGlobalSection
	GlobalSection(SolutionProperties) = preSolution
		HideSolutionNode = FALSE
	EndGlobalSection
EndGlobal
