
Microsoft Visual Studio Solution File, Format Version 12.00
# Visual Studio 2013
VisualStudioVersion = 12.0.31101.0
MinimumVisualStudioVersion = 10.0.40219.1
Project("{FAE04EC0-301F-11D3-BF4B-00C04F79EFBC}") = "CrossMailing.Wpf.Application", "Wpf\CrossMailing.Wpf.Application\CrossMailing.Wpf.Application.csproj", "{E2290F54-107F-4D13-9604-FDDFF983596D}"
EndProject
Project("{FAE04EC0-301F-11D3-BF4B-00C04F79EFBC}") = "CrossMailing.Apps.Phone.Application", "Apps\CrossMailing.Apps.Phone.Application\CrossMailing.Apps.Phone.Application.csproj", "{47168768-AC4C-4462-A08C-47599B1E88BF}"
EndProject
Project("{FAE04EC0-301F-11D3-BF4B-00C04F79EFBC}") = "CrossMailing.Apps.Windows.Application", "Apps\CrossMailing.Apps.Windows.Application\CrossMailing.Apps.Windows.Application.csproj", "{2C9B25CB-A1C0-4E1A-9D5C-FB9FE7F9648F}"
EndProject
Project("{FAE04EC0-301F-11D3-BF4B-00C04F79EFBC}") = "CrossMailing.Contracts", "CrossMailing.Contracts\CrossMailing.Contracts.csproj", "{D4B1B8A8-8078-4AFA-A702-E71449AFB433}"
EndProject
Project("{FAE04EC0-301F-11D3-BF4B-00C04F79EFBC}") = "CrossMailing.Resources", "CrossMailing.Resources\CrossMailing.Resources.csproj", "{084E738C-B285-4EA7-A01F-53E80491774B}"
EndProject
Project("{FAE04EC0-301F-11D3-BF4B-00C04F79EFBC}") = "CrossMailing.Services", "CrossMailing.Services\CrossMailing.Services.csproj", "{FC2A50DE-2564-4127-BAC4-9EA5931E9297}"
EndProject
Project("{2150E333-8FDC-42A3-9474-1A3956D46DE8}") = "Wpf", "Wpf", "{BA419C30-8F08-4898-B304-A00E992336D4}"
EndProject
Project("{2150E333-8FDC-42A3-9474-1A3956D46DE8}") = "WindowsStore", "WindowsStore", "{48BB2F46-20C7-4EB2-92B8-6293AD8A8126}"
EndProject
Project("{2150E333-8FDC-42A3-9474-1A3956D46DE8}") = "WindowsPhone", "WindowsPhone", "{DFE7D0A9-F6BA-4C3C-B266-E661FF385EB6}"
EndProject
Project("{2150E333-8FDC-42A3-9474-1A3956D46DE8}") = "Common", "Common", "{FB9D7A6F-F1E4-4992-8D1C-B75B6DEF22EE}"
EndProject
Project("{FAE04EC0-301F-11D3-BF4B-00C04F79EFBC}") = "CrossMailing.Common", "CrossMailing.Common\CrossMailing.Common.csproj", "{6E5DA9CB-61E3-4582-9CCB-AA6D70FBFABF}"
EndProject
Project("{FAE04EC0-301F-11D3-BF4B-00C04F79EFBC}") = "CrossMailing.Wpf.Common", "CrossMailing.Wpf.Common\CrossMailing.Wpf.Common.csproj", "{5C6B8785-7E1E-4A4A-ACCD-DB14A6D68CC1}"
EndProject
Global
	GlobalSection(SolutionConfigurationPlatforms) = preSolution
		Debug|Any CPU = Debug|Any CPU
		Debug|ARM = Debug|ARM
		Debug|x64 = Debug|x64
		Debug|x86 = Debug|x86
		Release|Any CPU = Release|Any CPU
		Release|ARM = Release|ARM
		Release|x64 = Release|x64
		Release|x86 = Release|x86
	EndGlobalSection
	GlobalSection(ProjectConfigurationPlatforms) = postSolution
		{E2290F54-107F-4D13-9604-FDDFF983596D}.Debug|Any CPU.ActiveCfg = Debug|Any CPU
		{E2290F54-107F-4D13-9604-FDDFF983596D}.Debug|Any CPU.Build.0 = Debug|Any CPU
		{E2290F54-107F-4D13-9604-FDDFF983596D}.Debug|ARM.ActiveCfg = Debug|Any CPU
		{E2290F54-107F-4D13-9604-FDDFF983596D}.Debug|x64.ActiveCfg = Debug|Any CPU
		{E2290F54-107F-4D13-9604-FDDFF983596D}.Debug|x86.ActiveCfg = Debug|Any CPU
		{E2290F54-107F-4D13-9604-FDDFF983596D}.Release|Any CPU.ActiveCfg = Release|Any CPU
		{E2290F54-107F-4D13-9604-FDDFF983596D}.Release|Any CPU.Build.0 = Release|Any CPU
		{E2290F54-107F-4D13-9604-FDDFF983596D}.Release|ARM.ActiveCfg = Release|Any CPU
		{E2290F54-107F-4D13-9604-FDDFF983596D}.Release|x64.ActiveCfg = Release|Any CPU
		{E2290F54-107F-4D13-9604-FDDFF983596D}.Release|x86.ActiveCfg = Release|Any CPU
		{47168768-AC4C-4462-A08C-47599B1E88BF}.Debug|Any CPU.ActiveCfg = Debug|Any CPU
		{47168768-AC4C-4462-A08C-47599B1E88BF}.Debug|Any CPU.Build.0 = Debug|Any CPU
		{47168768-AC4C-4462-A08C-47599B1E88BF}.Debug|Any CPU.Deploy.0 = Debug|Any CPU
		{47168768-AC4C-4462-A08C-47599B1E88BF}.Debug|ARM.ActiveCfg = Debug|ARM
		{47168768-AC4C-4462-A08C-47599B1E88BF}.Debug|ARM.Build.0 = Debug|ARM
		{47168768-AC4C-4462-A08C-47599B1E88BF}.Debug|ARM.Deploy.0 = Debug|ARM
		{47168768-AC4C-4462-A08C-47599B1E88BF}.Debug|x64.ActiveCfg = Debug|Any CPU
		{47168768-AC4C-4462-A08C-47599B1E88BF}.Debug|x86.ActiveCfg = Debug|x86
		{47168768-AC4C-4462-A08C-47599B1E88BF}.Debug|x86.Build.0 = Debug|x86
		{47168768-AC4C-4462-A08C-47599B1E88BF}.Debug|x86.Deploy.0 = Debug|x86
		{47168768-AC4C-4462-A08C-47599B1E88BF}.Release|Any CPU.ActiveCfg = Release|Any CPU
		{47168768-AC4C-4462-A08C-47599B1E88BF}.Release|Any CPU.Build.0 = Release|Any CPU
		{47168768-AC4C-4462-A08C-47599B1E88BF}.Release|Any CPU.Deploy.0 = Release|Any CPU
		{47168768-AC4C-4462-A08C-47599B1E88BF}.Release|ARM.ActiveCfg = Release|ARM
		{47168768-AC4C-4462-A08C-47599B1E88BF}.Release|ARM.Build.0 = Release|ARM
		{47168768-AC4C-4462-A08C-47599B1E88BF}.Release|ARM.Deploy.0 = Release|ARM
		{47168768-AC4C-4462-A08C-47599B1E88BF}.Release|x64.ActiveCfg = Release|Any CPU
		{47168768-AC4C-4462-A08C-47599B1E88BF}.Release|x86.ActiveCfg = Release|x86
		{47168768-AC4C-4462-A08C-47599B1E88BF}.Release|x86.Build.0 = Release|x86
		{47168768-AC4C-4462-A08C-47599B1E88BF}.Release|x86.Deploy.0 = Release|x86
		{2C9B25CB-A1C0-4E1A-9D5C-FB9FE7F9648F}.Debug|Any CPU.ActiveCfg = Debug|Any CPU
		{2C9B25CB-A1C0-4E1A-9D5C-FB9FE7F9648F}.Debug|Any CPU.Build.0 = Debug|Any CPU
		{2C9B25CB-A1C0-4E1A-9D5C-FB9FE7F9648F}.Debug|Any CPU.Deploy.0 = Debug|Any CPU
		{2C9B25CB-A1C0-4E1A-9D5C-FB9FE7F9648F}.Debug|ARM.ActiveCfg = Debug|ARM
		{2C9B25CB-A1C0-4E1A-9D5C-FB9FE7F9648F}.Debug|ARM.Build.0 = Debug|ARM
		{2C9B25CB-A1C0-4E1A-9D5C-FB9FE7F9648F}.Debug|ARM.Deploy.0 = Debug|ARM
		{2C9B25CB-A1C0-4E1A-9D5C-FB9FE7F9648F}.Debug|x64.ActiveCfg = Debug|x64
		{2C9B25CB-A1C0-4E1A-9D5C-FB9FE7F9648F}.Debug|x64.Build.0 = Debug|x64
		{2C9B25CB-A1C0-4E1A-9D5C-FB9FE7F9648F}.Debug|x64.Deploy.0 = Debug|x64
		{2C9B25CB-A1C0-4E1A-9D5C-FB9FE7F9648F}.Debug|x86.ActiveCfg = Debug|x86
		{2C9B25CB-A1C0-4E1A-9D5C-FB9FE7F9648F}.Debug|x86.Build.0 = Debug|x86
		{2C9B25CB-A1C0-4E1A-9D5C-FB9FE7F9648F}.Debug|x86.Deploy.0 = Debug|x86
		{2C9B25CB-A1C0-4E1A-9D5C-FB9FE7F9648F}.Release|Any CPU.ActiveCfg = Release|Any CPU
		{2C9B25CB-A1C0-4E1A-9D5C-FB9FE7F9648F}.Release|Any CPU.Build.0 = Release|Any CPU
		{2C9B25CB-A1C0-4E1A-9D5C-FB9FE7F9648F}.Release|Any CPU.Deploy.0 = Release|Any CPU
		{2C9B25CB-A1C0-4E1A-9D5C-FB9FE7F9648F}.Release|ARM.ActiveCfg = Release|ARM
		{2C9B25CB-A1C0-4E1A-9D5C-FB9FE7F9648F}.Release|ARM.Build.0 = Release|ARM
		{2C9B25CB-A1C0-4E1A-9D5C-FB9FE7F9648F}.Release|ARM.Deploy.0 = Release|ARM
		{2C9B25CB-A1C0-4E1A-9D5C-FB9FE7F9648F}.Release|x64.ActiveCfg = Release|x64
		{2C9B25CB-A1C0-4E1A-9D5C-FB9FE7F9648F}.Release|x64.Build.0 = Release|x64
		{2C9B25CB-A1C0-4E1A-9D5C-FB9FE7F9648F}.Release|x64.Deploy.0 = Release|x64
		{2C9B25CB-A1C0-4E1A-9D5C-FB9FE7F9648F}.Release|x86.ActiveCfg = Release|x86
		{2C9B25CB-A1C0-4E1A-9D5C-FB9FE7F9648F}.Release|x86.Build.0 = Release|x86
		{2C9B25CB-A1C0-4E1A-9D5C-FB9FE7F9648F}.Release|x86.Deploy.0 = Release|x86
		{D4B1B8A8-8078-4AFA-A702-E71449AFB433}.Debug|Any CPU.ActiveCfg = Debug|Any CPU
		{D4B1B8A8-8078-4AFA-A702-E71449AFB433}.Debug|Any CPU.Build.0 = Debug|Any CPU
		{D4B1B8A8-8078-4AFA-A702-E71449AFB433}.Debug|ARM.ActiveCfg = Debug|Any CPU
		{D4B1B8A8-8078-4AFA-A702-E71449AFB433}.Debug|x64.ActiveCfg = Debug|Any CPU
		{D4B1B8A8-8078-4AFA-A702-E71449AFB433}.Debug|x86.ActiveCfg = Debug|Any CPU
		{D4B1B8A8-8078-4AFA-A702-E71449AFB433}.Release|Any CPU.ActiveCfg = Release|Any CPU
		{D4B1B8A8-8078-4AFA-A702-E71449AFB433}.Release|Any CPU.Build.0 = Release|Any CPU
		{D4B1B8A8-8078-4AFA-A702-E71449AFB433}.Release|ARM.ActiveCfg = Release|Any CPU
		{D4B1B8A8-8078-4AFA-A702-E71449AFB433}.Release|x64.ActiveCfg = Release|Any CPU
		{D4B1B8A8-8078-4AFA-A702-E71449AFB433}.Release|x86.ActiveCfg = Release|Any CPU
		{084E738C-B285-4EA7-A01F-53E80491774B}.Debug|Any CPU.ActiveCfg = Debug|Any CPU
		{084E738C-B285-4EA7-A01F-53E80491774B}.Debug|Any CPU.Build.0 = Debug|Any CPU
		{084E738C-B285-4EA7-A01F-53E80491774B}.Debug|ARM.ActiveCfg = Debug|Any CPU
		{084E738C-B285-4EA7-A01F-53E80491774B}.Debug|x64.ActiveCfg = Debug|Any CPU
		{084E738C-B285-4EA7-A01F-53E80491774B}.Debug|x86.ActiveCfg = Debug|Any CPU
		{084E738C-B285-4EA7-A01F-53E80491774B}.Release|Any CPU.ActiveCfg = Release|Any CPU
		{084E738C-B285-4EA7-A01F-53E80491774B}.Release|Any CPU.Build.0 = Release|Any CPU
		{084E738C-B285-4EA7-A01F-53E80491774B}.Release|ARM.ActiveCfg = Release|Any CPU
		{084E738C-B285-4EA7-A01F-53E80491774B}.Release|x64.ActiveCfg = Release|Any CPU
		{084E738C-B285-4EA7-A01F-53E80491774B}.Release|x86.ActiveCfg = Release|Any CPU
		{FC2A50DE-2564-4127-BAC4-9EA5931E9297}.Debug|Any CPU.ActiveCfg = Debug|Any CPU
		{FC2A50DE-2564-4127-BAC4-9EA5931E9297}.Debug|Any CPU.Build.0 = Debug|Any CPU
		{FC2A50DE-2564-4127-BAC4-9EA5931E9297}.Debug|ARM.ActiveCfg = Debug|Any CPU
		{FC2A50DE-2564-4127-BAC4-9EA5931E9297}.Debug|x64.ActiveCfg = Debug|Any CPU
		{FC2A50DE-2564-4127-BAC4-9EA5931E9297}.Debug|x86.ActiveCfg = Debug|Any CPU
		{FC2A50DE-2564-4127-BAC4-9EA5931E9297}.Release|Any CPU.ActiveCfg = Release|Any CPU
		{FC2A50DE-2564-4127-BAC4-9EA5931E9297}.Release|Any CPU.Build.0 = Release|Any CPU
		{FC2A50DE-2564-4127-BAC4-9EA5931E9297}.Release|ARM.ActiveCfg = Release|Any CPU
		{FC2A50DE-2564-4127-BAC4-9EA5931E9297}.Release|x64.ActiveCfg = Release|Any CPU
		{FC2A50DE-2564-4127-BAC4-9EA5931E9297}.Release|x86.ActiveCfg = Release|Any CPU
		{6E5DA9CB-61E3-4582-9CCB-AA6D70FBFABF}.Debug|Any CPU.ActiveCfg = Debug|Any CPU
		{6E5DA9CB-61E3-4582-9CCB-AA6D70FBFABF}.Debug|Any CPU.Build.0 = Debug|Any CPU
		{6E5DA9CB-61E3-4582-9CCB-AA6D70FBFABF}.Debug|ARM.ActiveCfg = Debug|Any CPU
		{6E5DA9CB-61E3-4582-9CCB-AA6D70FBFABF}.Debug|x64.ActiveCfg = Debug|Any CPU
		{6E5DA9CB-61E3-4582-9CCB-AA6D70FBFABF}.Debug|x86.ActiveCfg = Debug|Any CPU
		{6E5DA9CB-61E3-4582-9CCB-AA6D70FBFABF}.Release|Any CPU.ActiveCfg = Release|Any CPU
		{6E5DA9CB-61E3-4582-9CCB-AA6D70FBFABF}.Release|Any CPU.Build.0 = Release|Any CPU
		{6E5DA9CB-61E3-4582-9CCB-AA6D70FBFABF}.Release|ARM.ActiveCfg = Release|Any CPU
		{6E5DA9CB-61E3-4582-9CCB-AA6D70FBFABF}.Release|x64.ActiveCfg = Release|Any CPU
		{6E5DA9CB-61E3-4582-9CCB-AA6D70FBFABF}.Release|x86.ActiveCfg = Release|Any CPU
		{5C6B8785-7E1E-4A4A-ACCD-DB14A6D68CC1}.Debug|Any CPU.ActiveCfg = Debug|Any CPU
		{5C6B8785-7E1E-4A4A-ACCD-DB14A6D68CC1}.Debug|Any CPU.Build.0 = Debug|Any CPU
		{5C6B8785-7E1E-4A4A-ACCD-DB14A6D68CC1}.Debug|ARM.ActiveCfg = Debug|Any CPU
		{5C6B8785-7E1E-4A4A-ACCD-DB14A6D68CC1}.Debug|x64.ActiveCfg = Debug|Any CPU
		{5C6B8785-7E1E-4A4A-ACCD-DB14A6D68CC1}.Debug|x86.ActiveCfg = Debug|Any CPU
		{5C6B8785-7E1E-4A4A-ACCD-DB14A6D68CC1}.Release|Any CPU.ActiveCfg = Release|Any CPU
		{5C6B8785-7E1E-4A4A-ACCD-DB14A6D68CC1}.Release|Any CPU.Build.0 = Release|Any CPU
		{5C6B8785-7E1E-4A4A-ACCD-DB14A6D68CC1}.Release|ARM.ActiveCfg = Release|Any CPU
		{5C6B8785-7E1E-4A4A-ACCD-DB14A6D68CC1}.Release|x64.ActiveCfg = Release|Any CPU
		{5C6B8785-7E1E-4A4A-ACCD-DB14A6D68CC1}.Release|x86.ActiveCfg = Release|Any CPU
	EndGlobalSection
	GlobalSection(SolutionProperties) = preSolution
		HideSolutionNode = FALSE
	EndGlobalSection
	GlobalSection(NestedProjects) = preSolution
		{E2290F54-107F-4D13-9604-FDDFF983596D} = {BA419C30-8F08-4898-B304-A00E992336D4}
		{47168768-AC4C-4462-A08C-47599B1E88BF} = {DFE7D0A9-F6BA-4C3C-B266-E661FF385EB6}
		{2C9B25CB-A1C0-4E1A-9D5C-FB9FE7F9648F} = {48BB2F46-20C7-4EB2-92B8-6293AD8A8126}
		{D4B1B8A8-8078-4AFA-A702-E71449AFB433} = {FB9D7A6F-F1E4-4992-8D1C-B75B6DEF22EE}
		{084E738C-B285-4EA7-A01F-53E80491774B} = {FB9D7A6F-F1E4-4992-8D1C-B75B6DEF22EE}
		{FC2A50DE-2564-4127-BAC4-9EA5931E9297} = {FB9D7A6F-F1E4-4992-8D1C-B75B6DEF22EE}
		{6E5DA9CB-61E3-4582-9CCB-AA6D70FBFABF} = {FB9D7A6F-F1E4-4992-8D1C-B75B6DEF22EE}
		{5C6B8785-7E1E-4A4A-ACCD-DB14A6D68CC1} = {BA419C30-8F08-4898-B304-A00E992336D4}
	EndGlobalSection
EndGlobal
